
Microsoft Visual Studio Solution File, Format Version 12.00
# Visual Studio 14
VisualStudioVersion = 14.0.25420.1
MinimumVisualStudioVersion = 10.0.40219.1
Project("{FAE04EC0-301F-11D3-BF4B-00C04F79EFBC}") = "image-processing", "image-processing\image-processing.csproj", "{A719A7A8-2228-4E03-A8B7-1ED239312497}"
EndProject
Global
	GlobalSection(SolutionConfigurationPlatforms) = preSolution
		Debug|Any CPU = Debug|Any CPU
		Release|Any CPU = Release|Any CPU
	EndGlobalSection
	GlobalSection(ProjectConfigurationPlatforms) = postSolution
		{A719A7A8-2228-4E03-A8B7-1ED239312497}.Debug|Any CPU.ActiveCfg = Debug|Any CPU
		{A719A7A8-2228-4E03-A8B7-1ED239312497}.Debug|Any CPU.Build.0 = Debug|Any CPU
		{A719A7A8-2228-4E03-A8B7-1ED239312497}.Release|Any CPU.ActiveCfg = Release|Any CPU
		{A719A7A8-2228-4E03-A8B7-1ED239312497}.Release|Any CPU.Build.0 = Release|Any CPU
	EndGlobalSection
	GlobalSection(SolutionProperties) = preSolution
		HideSolutionNode = FALSE
	EndGlobalSection
EndGlobal
